
Microsoft Visual Studio Solution File, Format Version 12.00
# Visual Studio Version 16
VisualStudioVersion = 16.0.29306.81
MinimumVisualStudioVersion = 10.0.40219.1
Project("{FAE04EC0-301F-11D3-BF4B-00C04F79EFBC}") = "AgendaMG", "AgendaMG\AgendaMG.csproj", "{3271E937-6F97-4335-A8B2-4974C000D84E}"
EndProject
Global
	GlobalSection(SolutionConfigurationPlatforms) = preSolution
		Debug|Any CPU = Debug|Any CPU
		Release|Any CPU = Release|Any CPU
	EndGlobalSection
	GlobalSection(ProjectConfigurationPlatforms) = postSolution
		{3271E937-6F97-4335-A8B2-4974C000D84E}.Debug|Any CPU.ActiveCfg = Debug|Any CPU
		{3271E937-6F97-4335-A8B2-4974C000D84E}.Debug|Any CPU.Build.0 = Debug|Any CPU
		{3271E937-6F97-4335-A8B2-4974C000D84E}.Release|Any CPU.ActiveCfg = Release|Any CPU
		{3271E937-6F97-4335-A8B2-4974C000D84E}.Release|Any CPU.Build.0 = Release|Any CPU
	EndGlobalSection
	GlobalSection(SolutionProperties) = preSolution
		HideSolutionNode = FALSE
	EndGlobalSection
	GlobalSection(ExtensibilityGlobals) = postSolution
		SolutionGuid = {EFA590EE-8542-435F-BC56-4F938C3CC137}
	EndGlobalSection
EndGlobal
